<?xml version="1.0" encoding="utf-8"?>
<Project ToolsVersion="4.0" xmlns="http://schemas.microsoft.com/developer/msbuild/2003">
  <ItemGroup>
    <Filter Include="Source Files">
      <UniqueIdentifier>{4FC737F1-C7A5-4376-A066-2A32D752A2FF}</UniqueIdentifier>
      <Extensions>cpp;c;cc;cxx;def;odl;idl;hpj;bat;asm;asmx</Extensions>
    </Filter>
    <Filter Include="Header Files">
      <UniqueIdentifier>{93995380-89BD-4b04-88EB-625FBE52EBFB}</UniqueIdentifier>
      <Extensions>h;hh;hpp;hxx;hm;inl;inc;xsd</Extensions>
    </Filter>
    <Filter Include="Resource Files">
      <UniqueIdentifier>{67DA6AB6-F800-4c08-8B7A-83BB121AAD01}</UniqueIdentifier>
      <Extensions>rc;ico;cur;bmp;dlg;rc2;rct;bin;rgs;gif;jpg;jpeg;jpe;resx;tiff;tif;png;wav;mfcribbon-ms</Extensions>
    </Filter>
    <Filter Include="Polymorphism">
      <UniqueIdentifier>{35512a98-1d2b-4bcc-8972-fc4d103f4226}</UniqueIdentifier>
    </Filter>
    <Filter Include="Friends">
      <UniqueIdentifier>{d603a32e-4d4c-4c9a-a72c-d29c611ebf82}</UniqueIdentifier>
    </Filter>
    <Filter Include="LambdaFuncs">
      <UniqueIdentifier>{76fd4abc-b836-46dc-9d0b-5d0bec70b0f8}</UniqueIdentifier>
    </Filter>
    <Filter Include="Multithreading">
      <UniqueIdentifier>{7941630c-4f48-4535-8016-5fa82caaf83e}</UniqueIdentifier>
    </Filter>
    <Filter Include="Performance">
      <UniqueIdentifier>{286263ec-90c7-4e36-8202-8e30086c42cc}</UniqueIdentifier>
    </Filter>
    <Filter Include="Information Text">
      <UniqueIdentifier>{04e82b4c-04e9-42ea-8645-02597a3d84df}</UniqueIdentifier>
    </Filter>
    <Filter Include="bitwise operator">
      <UniqueIdentifier>{90d8f1a8-269d-47cb-a0b9-a3583a7e0f44}</UniqueIdentifier>
    </Filter>
    <Filter Include="Look up tables">
      <UniqueIdentifier>{4bb536a6-743f-485c-a1cf-928ff9e13ab3}</UniqueIdentifier>
    </Filter>
    <Filter Include="constexpr">
      <UniqueIdentifier>{7ad78b65-8b21-490c-8ada-3fef6e050288}</UniqueIdentifier>
    </Filter>
    <Filter Include="rvalue">
      <UniqueIdentifier>{fdcbabab-2fbc-4a51-94da-7844ddb53f6d}</UniqueIdentifier>
    </Filter>
  </ItemGroup>
  <ItemGroup>
    <ClCompile Include="main.cpp">
      <Filter>Source Files</Filter>
    </ClCompile>
    <ClCompile Include="Car.cpp">
      <Filter>Polymorphism</Filter>
    </ClCompile>
    <ClCompile Include="Seat.cpp">
      <Filter>Polymorphism</Filter>
    </ClCompile>
    <ClCompile Include="Wheel.cpp">
      <Filter>Polymorphism</Filter>
    </ClCompile>
    <ClCompile Include="Square.cpp">
      <Filter>Friends</Filter>
    </ClCompile>
    <ClCompile Include="Rectangle.cpp">
      <Filter>Friends</Filter>
    </ClCompile>
  </ItemGroup>
  <ItemGroup>
    <ClInclude Include="Car.h">
      <Filter>Polymorphism</Filter>
    </ClInclude>
    <ClInclude Include="Wheel.h">
      <Filter>Polymorphism</Filter>
    </ClInclude>
    <ClInclude Include="Seat.h">
      <Filter>Polymorphism</Filter>
    </ClInclude>
    <ClInclude Include="Square.h">
      <Filter>Friends</Filter>
    </ClInclude>
    <ClInclude Include="Rectangle.h">
      <Filter>Friends</Filter>
    </ClInclude>
    <ClInclude Include="lambdaFuncs.h">
      <Filter>LambdaFuncs</Filter>
    </ClInclude>
    <ClInclude Include="Multithreading.h">
      <Filter>Polymorphism</Filter>
    </ClInclude>
    <ClInclude Include="bitwise.h">
      <Filter>bitwise operator</Filter>
    </ClInclude>
    <ClInclude Include="lookupTable.h">
      <Filter>Look up tables</Filter>
    </ClInclude>
    <ClInclude Include="constexpression.h">
      <Filter>constexpr</Filter>
    </ClInclude>
    <ClInclude Include="rvaluereference.h">
      <Filter>rvalue</Filter>
    </ClInclude>
  </ItemGroup>
  <ItemGroup>
    <Text Include="inline.txt">
      <Filter>Information Text</Filter>
    </Text>
  </ItemGroup>
</Project>