<?xml version="1.0" encoding="utf-8"?>
<Project ToolsVersion="4.0" xmlns="http://schemas.microsoft.com/developer/msbuild/2003">
  <ItemGroup>
    <Filter Include="Source Files">
      <UniqueIdentifier>{4FC737F1-C7A5-4376-A066-2A32D752A2FF}</UniqueIdentifier>
      <Extensions>cpp;c;cc;cxx;def;odl;idl;hpj;bat;asm;asmx</Extensions>
    </Filter>
    <Filter Include="Header Files">
      <UniqueIdentifier>{93995380-89BD-4b04-88EB-625FBE52EBFB}</UniqueIdentifier>
      <Extensions>h;hh;hpp;hxx;hm;inl;inc;xsd</Extensions>
    </Filter>
    <Filter Include="Resource Files">
      <UniqueIdentifier>{67DA6AB6-F800-4c08-8B7A-83BB121AAD01}</UniqueIdentifier>
      <Extensions>rc;ico;cur;bmp;dlg;rc2;rct;bin;rgs;gif;jpg;jpeg;jpe;resx;tiff;tif;png;wav;mfcribbon-ms</Extensions>
    </Filter>
    <Filter Include="Polymorphism">
      <UniqueIdentifier>{35512a98-1d2b-4bcc-8972-fc4d103f4226}</UniqueIdentifier>
    </Filter>
    <Filter Include="Friends">
      <UniqueIdentifier>{d603a32e-4d4c-4c9a-a72c-d29c611ebf82}</UniqueIdentifier>
    </Filter>
    <Filter Include="Move Semantics">
      <UniqueIdentifier>{d0dda8b6-9c76-4bf9-9e4d-4d5d787cf5f5}</UniqueIdentifier>
    </Filter>
    <Filter Include="LambdaFuncs">
      <UniqueIdentifier>{76fd4abc-b836-46dc-9d0b-5d0bec70b0f8}</UniqueIdentifier>
    </Filter>
    <Filter Include="Multithreading">
      <UniqueIdentifier>{7941630c-4f48-4535-8016-5fa82caaf83e}</UniqueIdentifier>
    </Filter>
  </ItemGroup>
  <ItemGroup>
    <ClCompile Include="main.cpp">
      <Filter>Source Files</Filter>
    </ClCompile>
    <ClCompile Include="Car.cpp">
      <Filter>Polymorphism</Filter>
    </ClCompile>
    <ClCompile Include="Seat.cpp">
      <Filter>Polymorphism</Filter>
    </ClCompile>
    <ClCompile Include="Wheel.cpp">
      <Filter>Polymorphism</Filter>
    </ClCompile>
    <ClCompile Include="Square.cpp">
      <Filter>Friends</Filter>
    </ClCompile>
    <ClCompile Include="Rectangle.cpp">
      <Filter>Friends</Filter>
    </ClCompile>
  </ItemGroup>
  <ItemGroup>
    <ClInclude Include="Car.h">
      <Filter>Polymorphism</Filter>
    </ClInclude>
    <ClInclude Include="Wheel.h">
      <Filter>Polymorphism</Filter>
    </ClInclude>
    <ClInclude Include="Seat.h">
      <Filter>Polymorphism</Filter>
    </ClInclude>
    <ClInclude Include="Square.h">
      <Filter>Friends</Filter>
    </ClInclude>
    <ClInclude Include="Rectangle.h">
      <Filter>Friends</Filter>
    </ClInclude>
    <ClInclude Include="MoveSemantics.h">
      <Filter>Move Semantics</Filter>
    </ClInclude>
    <ClInclude Include="lambdaFuncs.h">
      <Filter>LambdaFuncs</Filter>
    </ClInclude>
    <ClInclude Include="Multithreading.h">
      <Filter>Polymorphism</Filter>
    </ClInclude>
  </ItemGroup>
</Project>