<?xml version="1.0" encoding="utf-8"?>
<Project ToolsVersion="4.0" xmlns="http://schemas.microsoft.com/developer/msbuild/2003">
  <ItemGroup>
    <Filter Include="Resource Files">
      <UniqueIdentifier>{67DA6AB6-F800-4c08-8B7A-83BB121AAD01}</UniqueIdentifier>
      <Extensions>rc;ico;cur;bmp;dlg;rc2;rct;bin;rgs;gif;jpg;jpeg;jpe;resx;tiff;tif;png;wav;mfcribbon-ms</Extensions>
    </Filter>
    <Filter Include="Polymorphism">
      <UniqueIdentifier>{35512a98-1d2b-4bcc-8972-fc4d103f4226}</UniqueIdentifier>
    </Filter>
    <Filter Include="Friends">
      <UniqueIdentifier>{d603a32e-4d4c-4c9a-a72c-d29c611ebf82}</UniqueIdentifier>
    </Filter>
    <Filter Include="LambdaFuncs">
      <UniqueIdentifier>{76fd4abc-b836-46dc-9d0b-5d0bec70b0f8}</UniqueIdentifier>
    </Filter>
    <Filter Include="bitwise operator">
      <UniqueIdentifier>{90d8f1a8-269d-47cb-a0b9-a3583a7e0f44}</UniqueIdentifier>
    </Filter>
    <Filter Include="Look up tables">
      <UniqueIdentifier>{4bb536a6-743f-485c-a1cf-928ff9e13ab3}</UniqueIdentifier>
    </Filter>
    <Filter Include="constexpr">
      <UniqueIdentifier>{7ad78b65-8b21-490c-8ada-3fef6e050288}</UniqueIdentifier>
    </Filter>
    <Filter Include="rvalue">
      <UniqueIdentifier>{fdcbabab-2fbc-4a51-94da-7844ddb53f6d}</UniqueIdentifier>
    </Filter>
    <Filter Include="const">
      <UniqueIdentifier>{79900369-0542-497b-86ad-f6e72d384341}</UniqueIdentifier>
    </Filter>
    <Filter Include="Other">
      <UniqueIdentifier>{04e82b4c-04e9-42ea-8645-02597a3d84df}</UniqueIdentifier>
    </Filter>
    <Filter Include="Smartpointers">
      <UniqueIdentifier>{53d080fd-c192-4802-80a7-f9cc980bd7e0}</UniqueIdentifier>
    </Filter>
    <Filter Include="HelpFiles">
      <UniqueIdentifier>{3e5a1439-085e-4633-9a77-02afc3edbb75}</UniqueIdentifier>
    </Filter>
    <Filter Include="Multithreading">
      <UniqueIdentifier>{6c332370-6d5d-430d-a81f-c1640c656176}</UniqueIdentifier>
    </Filter>
    <Filter Include="Pathfinding">
      <UniqueIdentifier>{4059a345-8b27-446d-8047-7132fd0d90e3}</UniqueIdentifier>
    </Filter>
    <Filter Include="Visual Studio">
      <UniqueIdentifier>{7560179e-e7ca-4831-911c-43c735062fec}</UniqueIdentifier>
    </Filter>
    <Filter Include="StdArray">
      <UniqueIdentifier>{a03f7a5d-3d06-44a4-ad13-fb5ab71d64fc}</UniqueIdentifier>
    </Filter>
    <Filter Include="Overloading Operator">
      <UniqueIdentifier>{2dc2d19b-a2ee-4efd-8fc3-38a7269dec43}</UniqueIdentifier>
    </Filter>
    <Filter Include="Union">
      <UniqueIdentifier>{b803a261-7ed5-4e2b-af76-70b06d345977}</UniqueIdentifier>
    </Filter>
    <Filter Include="Datastructures">
      <UniqueIdentifier>{81c2d75d-c427-431f-977c-e8eeb79a3269}</UniqueIdentifier>
    </Filter>
    <Filter Include="main">
      <UniqueIdentifier>{a80c7294-09dd-4811-b79f-38eb1773d249}</UniqueIdentifier>
    </Filter>
    <Filter Include="Random">
      <UniqueIdentifier>{d6aa5c4f-ea82-404a-98af-ce80edaf8ce2}</UniqueIdentifier>
    </Filter>
    <Filter Include="String Manipulation">
      <UniqueIdentifier>{162fe95a-22e5-457a-898a-af7b75d69e6b}</UniqueIdentifier>
    </Filter>
    <Filter Include="enum enumclass">
      <UniqueIdentifier>{ab90f729-c287-403b-b1f4-b633353256cb}</UniqueIdentifier>
    </Filter>
    <Filter Include="DebugRelease">
      <UniqueIdentifier>{db486808-ef3c-4b37-89ce-c7a333d6743d}</UniqueIdentifier>
    </Filter>
    <Filter Include="TryCatch">
      <UniqueIdentifier>{0d25f4ec-8e69-4a16-b7d0-e60c390f116d}</UniqueIdentifier>
    </Filter>
  </ItemGroup>
  <ItemGroup>
    <ClCompile Include="Timer.cpp">
      <Filter>HelpFiles</Filter>
    </ClCompile>
    <ClCompile Include="Rectangle.cpp">
      <Filter>Friends</Filter>
    </ClCompile>
    <ClCompile Include="Square.cpp">
      <Filter>Friends</Filter>
    </ClCompile>
    <ClCompile Include="AStar.cpp">
      <Filter>Pathfinding</Filter>
    </ClCompile>
    <ClCompile Include="main.cpp">
      <Filter>main</Filter>
    </ClCompile>
  </ItemGroup>
  <ItemGroup>
    <ClInclude Include="lambdaFuncs.h">
      <Filter>LambdaFuncs</Filter>
    </ClInclude>
    <ClInclude Include="bitwise.h">
      <Filter>bitwise operator</Filter>
    </ClInclude>
    <ClInclude Include="lookupTable.h">
      <Filter>Look up tables</Filter>
    </ClInclude>
    <ClInclude Include="constexpression.h">
      <Filter>constexpr</Filter>
    </ClInclude>
    <ClInclude Include="rvaluereference.h">
      <Filter>rvalue</Filter>
    </ClInclude>
    <ClInclude Include="constExamples.h">
      <Filter>const</Filter>
    </ClInclude>
    <ClInclude Include="smartpointers.h">
      <Filter>Smartpointers</Filter>
    </ClInclude>
    <ClInclude Include="friends.h">
      <Filter>Friends</Filter>
    </ClInclude>
    <ClInclude Include="argumentOrder.h">
      <Filter>Other</Filter>
    </ClInclude>
    <ClInclude Include="Multithreading.h">
      <Filter>Multithreading</Filter>
    </ClInclude>
    <ClInclude Include="Timer.h">
      <Filter>HelpFiles</Filter>
    </ClInclude>
    <ClInclude Include="TestingHeader.h">
      <Filter>Other</Filter>
    </ClInclude>
    <ClInclude Include="paradoxPathfinding.h">
      <Filter>Pathfinding</Filter>
    </ClInclude>
    <ClInclude Include="Polymorphism.h">
      <Filter>Polymorphism</Filter>
    </ClInclude>
    <ClInclude Include="Rectangle.h">
      <Filter>Friends</Filter>
    </ClInclude>
    <ClInclude Include="Square.h">
      <Filter>Friends</Filter>
    </ClInclude>
    <ClInclude Include="STDArray.h">
      <Filter>StdArray</Filter>
    </ClInclude>
    <ClInclude Include="AStar.h">
      <Filter>Pathfinding</Filter>
    </ClInclude>
    <ClInclude Include="OverloadingOperator.h">
      <Filter>Overloading Operator</Filter>
    </ClInclude>
    <ClInclude Include="Union.h">
      <Filter>Union</Filter>
    </ClInclude>
    <ClInclude Include="RedBlackTree.h">
      <Filter>Datastructures</Filter>
    </ClInclude>
    <ClInclude Include="Datastructures.h">
      <Filter>Datastructures</Filter>
    </ClInclude>
    <ClInclude Include="Random.h">
      <Filter>Random</Filter>
    </ClInclude>
    <ClInclude Include="StringManipulation.h">
      <Filter>String Manipulation</Filter>
    </ClInclude>
    <ClInclude Include="enumenumclass.h">
      <Filter>enum enumclass</Filter>
    </ClInclude>
    <ClInclude Include="DebugRelease.h">
      <Filter>DebugRelease</Filter>
    </ClInclude>
    <ClInclude Include="TryCatch.h">
      <Filter>TryCatch</Filter>
    </ClInclude>
  </ItemGroup>
  <ItemGroup>
    <Text Include="inline.txt">
      <Filter>Other</Filter>
    </Text>
    <Text Include="ShortAdvice.txt">
      <Filter>Other</Filter>
    </Text>
    <Text Include="links.txt">
      <Filter>Other</Filter>
    </Text>
    <Text Include="ParadoxInteractivePathfindingProblem.txt">
      <Filter>Pathfinding</Filter>
    </Text>
    <Text Include="shortcuts.txt">
      <Filter>Visual Studio</Filter>
    </Text>
    <Text Include="WindowsShortcuts.txt">
      <Filter>Other</Filter>
    </Text>
  </ItemGroup>
</Project>